// !$*UTF8*$!
{
	archiveVersion = 1;
	classes = {
	};
	objectVersion = 46;
	objects = {

/* Begin PBXBuildFile section */
		BC9F708719AAFFA4004A0E35 /* Foundation.framework in Frameworks */ = {isa = PBXBuildFile; fileRef = BC9F708619AAFFA4004A0E35 /* Foundation.framework */; };
		BC9F708919AAFFA4004A0E35 /* CoreGraphics.framework in Frameworks */ = {isa = PBXBuildFile; fileRef = BC9F708819AAFFA4004A0E35 /* CoreGraphics.framework */; };
		BC9F708B19AAFFA4004A0E35 /* UIKit.framework in Frameworks */ = {isa = PBXBuildFile; fileRef = BC9F708A19AAFFA4004A0E35 /* UIKit.framework */; };
		BC9F709119AAFFA4004A0E35 /* InfoPlist.strings in Resources */ = {isa = PBXBuildFile; fileRef = BC9F708F19AAFFA4004A0E35 /* InfoPlist.strings */; };
		BC9F709319AAFFA4004A0E35 /* main.m in Sources */ = {isa = PBXBuildFile; fileRef = BC9F709219AAFFA4004A0E35 /* main.m */; };
		BC9F709719AAFFA4004A0E35 /* AppDelegate.m in Sources */ = {isa = PBXBuildFile; fileRef = BC9F709619AAFFA4004A0E35 /* AppDelegate.m */; };
		BC9F709919AAFFA4004A0E35 /* Images.xcassets in Resources */ = {isa = PBXBuildFile; fileRef = BC9F709819AAFFA4004A0E35 /* Images.xcassets */; };
		BC9F70A019AAFFA4004A0E35 /* XCTest.framework in Frameworks */ = {isa = PBXBuildFile; fileRef = BC9F709F19AAFFA4004A0E35 /* XCTest.framework */; };
		BC9F70A119AAFFA4004A0E35 /* Foundation.framework in Frameworks */ = {isa = PBXBuildFile; fileRef = BC9F708619AAFFA4004A0E35 /* Foundation.framework */; };
		BC9F70A219AAFFA4004A0E35 /* UIKit.framework in Frameworks */ = {isa = PBXBuildFile; fileRef = BC9F708A19AAFFA4004A0E35 /* UIKit.framework */; };
		BC9F70AA19AAFFA4004A0E35 /* InfoPlist.strings in Resources */ = {isa = PBXBuildFile; fileRef = BC9F70A819AAFFA4004A0E35 /* InfoPlist.strings */; };
		BC9F70AC19AAFFA4004A0E35 /* Game2048Tests.m in Sources */ = {isa = PBXBuildFile; fileRef = BC9F70AB19AAFFA4004A0E35 /* Game2048Tests.m */; };
		BC9F70B719AAFFD1004A0E35 /* VCRoot.m in Sources */ = {isa = PBXBuildFile; fileRef = BC9F70B619AAFFD1004A0E35 /* VCRoot.m */; };
/* End PBXBuildFile section */

/* Begin PBXContainerItemProxy section */
		BC9F70A319AAFFA4004A0E35 /* PBXContainerItemProxy */ = {
			isa = PBXContainerItemProxy;
			containerPortal = BC9F707B19AAFFA4004A0E35 /* Project object */;
			proxyType = 1;
			remoteGlobalIDString = BC9F708219AAFFA4004A0E35;
			remoteInfo = Game2048;
		};
/* End PBXContainerItemProxy section */

/* Begin PBXFileReference section */
		BC9F708319AAFFA4004A0E35 /* Game2048.app */ = {isa = PBXFileReference; explicitFileType = wrapper.application; includeInIndex = 0; path = Game2048.app; sourceTree = BUILT_PRODUCTS_DIR; };
		BC9F708619AAFFA4004A0E35 /* Foundation.framework */ = {isa = PBXFileReference; lastKnownFileType = wrapper.framework; name = Foundation.framework; path = System/Library/Frameworks/Foundation.framework; sourceTree = SDKROOT; };
		BC9F708819AAFFA4004A0E35 /* CoreGraphics.framework */ = {isa = PBXFileReference; lastKnownFileType = wrapper.framework; name = CoreGraphics.framework; path = System/Library/Frameworks/CoreGraphics.framework; sourceTree = SDKROOT; };
		BC9F708A19AAFFA4004A0E35 /* UIKit.framework */ = {isa = PBXFileReference; lastKnownFileType = wrapper.framework; name = UIKit.framework; path = System/Library/Frameworks/UIKit.framework; sourceTree = SDKROOT; };
		BC9F708E19AAFFA4004A0E35 /* Game2048-Info.plist */ = {isa = PBXFileReference; lastKnownFileType = text.plist.xml; path = "Game2048-Info.plist"; sourceTree = "<group>"; };
		BC9F709019AAFFA4004A0E35 /* en */ = {isa = PBXFileReference; lastKnownFileType = text.plist.strings; name = en; path = en.lproj/InfoPlist.strings; sourceTree = "<group>"; };
		BC9F709219AAFFA4004A0E35 /* main.m */ = {isa = PBXFileReference; lastKnownFileType = sourcecode.c.objc; path = main.m; sourceTree = "<group>"; };
		BC9F709419AAFFA4004A0E35 /* Game2048-Prefix.pch */ = {isa = PBXFileReference; lastKnownFileType = sourcecode.c.h; path = "Game2048-Prefix.pch"; sourceTree = "<group>"; };
		BC9F709519AAFFA4004A0E35 /* AppDelegate.h */ = {isa = PBXFileReference; lastKnownFileType = sourcecode.c.h; path = AppDelegate.h; sourceTree = "<group>"; };
		BC9F709619AAFFA4004A0E35 /* AppDelegate.m */ = {isa = PBXFileReference; lastKnownFileType = sourcecode.c.objc; path = AppDelegate.m; sourceTree = "<group>"; };
		BC9F709819AAFFA4004A0E35 /* Images.xcassets */ = {isa = PBXFileReference; lastKnownFileType = folder.assetcatalog; path = Images.xcassets; sourceTree = "<group>"; };
		BC9F709E19AAFFA4004A0E35 /* Game2048Tests.xctest */ = {isa = PBXFileReference; explicitFileType = wrapper.cfbundle; includeInIndex = 0; path = Game2048Tests.xctest; sourceTree = BUILT_PRODUCTS_DIR; };
		BC9F709F19AAFFA4004A0E35 /* XCTest.framework */ = {isa = PBXFileReference; lastKnownFileType = wrapper.framework; name = XCTest.framework; path = Library/Frameworks/XCTest.framework; sourceTree = DEVELOPER_DIR; };
		BC9F70A719AAFFA4004A0E35 /* Game2048Tests-Info.plist */ = {isa = PBXFileReference; lastKnownFileType = text.plist.xml; path = "Game2048Tests-Info.plist"; sourceTree = "<group>"; };
		BC9F70A919AAFFA4004A0E35 /* en */ = {isa = PBXFileReference; lastKnownFileType = text.plist.strings; name = en; path = en.lproj/InfoPlist.strings; sourceTree = "<group>"; };
		BC9F70AB19AAFFA4004A0E35 /* Game2048Tests.m */ = {isa = PBXFileReference; lastKnownFileType = sourcecode.c.objc; path = Game2048Tests.m; sourceTree = "<group>"; };
		BC9F70B519AAFFD1004A0E35 /* VCRoot.h */ = {isa = PBXFileReference; fileEncoding = 4; lastKnownFileType = sourcecode.c.h; path = VCRoot.h; sourceTree = "<group>"; };
		BC9F70B619AAFFD1004A0E35 /* VCRoot.m */ = {isa = PBXFileReference; fileEncoding = 4; lastKnownFileType = sourcecode.c.objc; path = VCRoot.m; sourceTree = "<group>"; };
/* End PBXFileReference section */

/* Begin PBXFrameworksBuildPhase section */
		BC9F708019AAFFA4004A0E35 /* Frameworks */ = {
			isa = PBXFrameworksBuildPhase;
			buildActionMask = 2147483647;
			files = (
				BC9F708919AAFFA4004A0E35 /* CoreGraphics.framework in Frameworks */,
				BC9F708B19AAFFA4004A0E35 /* UIKit.framework in Frameworks */,
				BC9F708719AAFFA4004A0E35 /* Foundation.framework in Frameworks */,
			);
			runOnlyForDeploymentPostprocessing = 0;
		};
		BC9F709B19AAFFA4004A0E35 /* Frameworks */ = {
			isa = PBXFrameworksBuildPhase;
			buildActionMask = 2147483647;
			files = (
				BC9F70A019AAFFA4004A0E35 /* XCTest.framework in Frameworks */,
				BC9F70A219AAFFA4004A0E35 /* UIKit.framework in Frameworks */,
				BC9F70A119AAFFA4004A0E35 /* Foundation.framework in Frameworks */,
			);
			runOnlyForDeploymentPostprocessing = 0;
		};
/* End PBXFrameworksBuildPhase section */

/* Begin PBXGroup section */
		BC9F707A19AAFFA4004A0E35 = {
			isa = PBXGroup;
			children = (
				BC9F708C19AAFFA4004A0E35 /* Game2048 */,
				BC9F70A519AAFFA4004A0E35 /* Game2048Tests */,
				BC9F708519AAFFA4004A0E35 /* Frameworks */,
				BC9F708419AAFFA4004A0E35 /* Products */,
			);
			sourceTree = "<group>";
		};
		BC9F708419AAFFA4004A0E35 /* Products */ = {
			isa = PBXGroup;
			children = (
				BC9F708319AAFFA4004A0E35 /* Game2048.app */,
				BC9F709E19AAFFA4004A0E35 /* Game2048Tests.xctest */,
			);
			name = Products;
			sourceTree = "<group>";
		};
		BC9F708519AAFFA4004A0E35 /* Frameworks */ = {
			isa = PBXGroup;
			children = (
				BC9F708619AAFFA4004A0E35 /* Foundation.framework */,
				BC9F708819AAFFA4004A0E35 /* CoreGraphics.framework */,
				BC9F708A19AAFFA4004A0E35 /* UIKit.framework */,
				BC9F709F19AAFFA4004A0E35 /* XCTest.framework */,
			);
			name = Frameworks;
			sourceTree = "<group>";
		};
		BC9F708C19AAFFA4004A0E35 /* Game2048 */ = {
			isa = PBXGroup;
			children = (
				BC9F709519AAFFA4004A0E35 /* AppDelegate.h */,
				BC9F709619AAFFA4004A0E35 /* AppDelegate.m */,
				BC9F70B519AAFFD1004A0E35 /* VCRoot.h */,
				BC9F70B619AAFFD1004A0E35 /* VCRoot.m */,
				BC9F709819AAFFA4004A0E35 /* Images.xcassets */,
				BC9F708D19AAFFA4004A0E35 /* Supporting Files */,
			);
			path = Game2048;
			sourceTree = "<group>";
		};
		BC9F708D19AAFFA4004A0E35 /* Supporting Files */ = {
			isa = PBXGroup;
			children = (
				BC9F708E19AAFFA4004A0E35 /* Game2048-Info.plist */,
				BC9F708F19AAFFA4004A0E35 /* InfoPlist.strings */,
				BC9F709219AAFFA4004A0E35 /* main.m */,
				BC9F709419AAFFA4004A0E35 /* Game2048-Prefix.pch */,
			);
			name = "Supporting Files";
			sourceTree = "<group>";
		};
		BC9F70A519AAFFA4004A0E35 /* Game2048Tests */ = {
			isa = PBXGroup;
			children = (
				BC9F70AB19AAFFA4004A0E35 /* Game2048Tests.m */,
				BC9F70A619AAFFA4004A0E35 /* Supporting Files */,
			);
			path = Game2048Tests;
			sourceTree = "<group>";
		};
		BC9F70A619AAFFA4004A0E35 /* Supporting Files */ = {
			isa = PBXGroup;
			children = (
				BC9F70A719AAFFA4004A0E35 /* Game2048Tests-Info.plist */,
				BC9F70A819AAFFA4004A0E35 /* InfoPlist.strings */,
			);
			name = "Supporting Files";
			sourceTree = "<group>";
		};
/* End PBXGroup section */

/* Begin PBXNativeTarget section */
		BC9F708219AAFFA4004A0E35 /* Game2048 */ = {
			isa = PBXNativeTarget;
			buildConfigurationList = BC9F70AF19AAFFA4004A0E35 /* Build configuration list for PBXNativeTarget "Game2048" */;
			buildPhases = (
				BC9F707F19AAFFA4004A0E35 /* Sources */,
				BC9F708019AAFFA4004A0E35 /* Frameworks */,
				BC9F708119AAFFA4004A0E35 /* Resources */,
			);
			buildRules = (
			);
			dependencies = (
			);
			name = Game2048;
			productName = Game2048;
			productReference = BC9F708319AAFFA4004A0E35 /* Game2048.app */;
			productType = "com.apple.product-type.application";
		};
		BC9F709D19AAFFA4004A0E35 /* Game2048Tests */ = {
			isa = PBXNativeTarget;
			buildConfigurationList = BC9F70B219AAFFA4004A0E35 /* Build configuration list for PBXNativeTarget "Game2048Tests" */;
			buildPhases = (
				BC9F709A19AAFFA4004A0E35 /* Sources */,
				BC9F709B19AAFFA4004A0E35 /* Frameworks */,
				BC9F709C19AAFFA4004A0E35 /* Resources */,
			);
			buildRules = (
			);
			dependencies = (
				BC9F70A419AAFFA4004A0E35 /* PBXTargetDependency */,
			);
			name = Game2048Tests;
			productName = Game2048Tests;
			productReference = BC9F709E19AAFFA4004A0E35 /* Game2048Tests.xctest */;
			productType = "com.apple.product-type.bundle.unit-test";
		};
/* End PBXNativeTarget section */

/* Begin PBXProject section */
		BC9F707B19AAFFA4004A0E35 /* Project object */ = {
			isa = PBXProject;
			attributes = {
				LastUpgradeCheck = 0510;
				ORGANIZATIONNAME = gao;
				TargetAttributes = {
					BC9F709D19AAFFA4004A0E35 = {
						TestTargetID = BC9F708219AAFFA4004A0E35;
					};
				};
			};
			buildConfigurationList = BC9F707E19AAFFA4004A0E35 /* Build configuration list for PBXProject "Game2048" */;
			compatibilityVersion = "Xcode 3.2";
			developmentRegion = English;
			hasScannedForEncodings = 0;
			knownRegions = (
				en,
			);
			mainGroup = BC9F707A19AAFFA4004A0E35;
			productRefGroup = BC9F708419AAFFA4004A0E35 /* Products */;
			projectDirPath = "";
			projectRoot = "";
			targets = (
				BC9F708219AAFFA4004A0E35 /* Game2048 */,
				BC9F709D19AAFFA4004A0E35 /* Game2048Tests */,
			);
		};
/* End PBXProject section */

/* Begin PBXResourcesBuildPhase section */
		BC9F708119AAFFA4004A0E35 /* Resources */ = {
			isa = PBXResourcesBuildPhase;
			buildActionMask = 2147483647;
			files = (
				BC9F709119AAFFA4004A0E35 /* InfoPlist.strings in Resources */,
				BC9F709919AAFFA4004A0E35 /* Images.xcassets in Resources */,
			);
			runOnlyForDeploymentPostprocessing = 0;
		};
		BC9F709C19AAFFA4004A0E35 /* Resources */ = {
			isa = PBXResourcesBuildPhase;
			buildActionMask = 2147483647;
			files = (
				BC9F70AA19AAFFA4004A0E35 /* InfoPlist.strings in Resources */,
			);
			runOnlyForDeploymentPostprocessing = 0;
		};
/* End PBXResourcesBuildPhase section */

/* Begin PBXSourcesBuildPhase section */
		BC9F707F19AAFFA4004A0E35 /* Sources */ = {
			isa = PBXSourcesBuildPhase;
			buildActionMask = 2147483647;
			files = (
				BC9F70B719AAFFD1004A0E35 /* VCRoot.m in Sources */,
				BC9F709719AAFFA4004A0E35 /* AppDelegate.m in Sources */,
				BC9F709319AAFFA4004A0E35 /* main.m in Sources */,
			);
			runOnlyForDeploymentPostprocessing = 0;
		};
		BC9F709A19AAFFA4004A0E35 /* Sources */ = {
			isa = PBXSourcesBuildPhase;
			buildActionMask = 2147483647;
			files = (
				BC9F70AC19AAFFA4004A0E35 /* Game2048Tests.m in Sources */,
			);
			runOnlyForDeploymentPostprocessing = 0;
		};
/* End PBXSourcesBuildPhase section */

/* Begin PBXTargetDependency section */
		BC9F70A419AAFFA4004A0E35 /* PBXTargetDependency */ = {
			isa = PBXTargetDependency;
			target = BC9F708219AAFFA4004A0E35 /* Game2048 */;
			targetProxy = BC9F70A319AAFFA4004A0E35 /* PBXContainerItemProxy */;
		};
/* End PBXTargetDependency section */

/* Begin PBXVariantGroup section */
		BC9F708F19AAFFA4004A0E35 /* InfoPlist.strings */ = {
			isa = PBXVariantGroup;
			children = (
				BC9F709019AAFFA4004A0E35 /* en */,
			);
			name = InfoPlist.strings;
			sourceTree = "<group>";
		};
		BC9F70A819AAFFA4004A0E35 /* InfoPlist.strings */ = {
			isa = PBXVariantGroup;
			children = (
				BC9F70A919AAFFA4004A0E35 /* en */,
			);
			name = InfoPlist.strings;
			sourceTree = "<group>";
		};
/* End PBXVariantGroup section */

/* Begin XCBuildConfiguration section */
		BC9F70AD19AAFFA4004A0E35 /* Debug */ = {
			isa = XCBuildConfiguration;
			buildSettings = {
				ALWAYS_SEARCH_USER_PATHS = NO;
				CLANG_CXX_LANGUAGE_STANDARD = "gnu++0x";
				CLANG_CXX_LIBRARY = "libc++";
				CLANG_ENABLE_MODULES = YES;
				CLANG_ENABLE_OBJC_ARC = YES;
				CLANG_WARN_BOOL_CONVERSION = YES;
				CLANG_WARN_CONSTANT_CONVERSION = YES;
				CLANG_WARN_DIRECT_OBJC_ISA_USAGE = YES_ERROR;
				CLANG_WARN_EMPTY_BODY = YES;
				CLANG_WARN_ENUM_CONVERSION = YES;
				CLANG_WARN_INT_CONVERSION = YES;
				CLANG_WARN_OBJC_ROOT_CLASS = YES_ERROR;
				CLANG_WARN__DUPLICATE_METHOD_MATCH = YES;
				"CODE_SIGN_IDENTITY[sdk=iphoneos*]" = "iPhone Developer";
				COPY_PHASE_STRIP = NO;
				GCC_C_LANGUAGE_STANDARD = gnu99;
				GCC_DYNAMIC_NO_PIC = NO;
				GCC_OPTIMIZATION_LEVEL = 0;
				GCC_PREPROCESSOR_DEFINITIONS = (
					"DEBUG=1",
					"$(inherited)",
				);
				GCC_SYMBOLS_PRIVATE_EXTERN = NO;
				GCC_WARN_64_TO_32_BIT_CONVERSION = YES;
				GCC_WARN_ABOUT_RETURN_TYPE = YES_ERROR;
				GCC_WARN_UNDECLARED_SELECTOR = YES;
				GCC_WARN_UNINITIALIZED_AUTOS = YES_AGGRESSIVE;
				GCC_WARN_UNUSED_FUNCTION = YES;
				GCC_WARN_UNUSED_VARIABLE = YES;
				IPHONEOS_DEPLOYMENT_TARGET = 7.1;
				ONLY_ACTIVE_ARCH = YES;
				SDKROOT = iphoneos;
			};
			name = Debug;
		};
		BC9F70AE19AAFFA4004A0E35 /* Release */ = {
			isa = XCBuildConfiguration;
			buildSettings = {
				ALWAYS_SEARCH_USER_PATHS = NO;
				CLANG_CXX_LANGUAGE_STANDARD = "gnu++0x";
				CLANG_CXX_LIBRARY = "libc++";
				CLANG_ENABLE_MODULES = YES;
				CLANG_ENABLE_OBJC_ARC = YES;
				CLANG_WARN_BOOL_CONVERSION = YES;
				CLANG_WARN_CONSTANT_CONVERSION = YES;
				CLANG_WARN_DIRECT_OBJC_ISA_USAGE = YES_ERROR;
				CLANG_WARN_EMPTY_BODY = YES;
				CLANG_WARN_ENUM_CONVERSION = YES;
				CLANG_WARN_INT_CONVERSION = YES;
				CLANG_WARN_OBJC_ROOT_CLASS = YES_ERROR;
				CLANG_WARN__DUPLICATE_METHOD_MATCH = YES;
				"CODE_SIGN_IDENTITY[sdk=iphoneos*]" = "iPhone Developer";
				COPY_PHASE_STRIP = YES;
				ENABLE_NS_ASSERTIONS = NO;
				GCC_C_LANGUAGE_STANDARD = gnu99;
				GCC_WARN_64_TO_32_BIT_CONVERSION = YES;
				GCC_WARN_ABOUT_RETURN_TYPE = YES_ERROR;
				GCC_WARN_UNDECLARED_SELECTOR = YES;
				GCC_WARN_UNINITIALIZED_AUTOS = YES_AGGRESSIVE;
				GCC_WARN_UNUSED_FUNCTION = YES;
				GCC_WARN_UNUSED_VARIABLE = YES;
				IPHONEOS_DEPLOYMENT_TARGET = 7.1;
				SDKROOT = iphoneos;
				VALIDATE_PRODUCT = YES;
			};
			name = Release;
		};
		BC9F70B019AAFFA4004A0E35 /* Debug */ = {
			isa = XCBuildConfiguration;
			buildSettings = {
				ASSETCATALOG_COMPILER_APPICON_NAME = AppIcon;
				ASSETCATALOG_COMPILER_LAUNCHIMAGE_NAME = LaunchImage;
				GCC_PRECOMPILE_PREFIX_HEADER = YES;
				GCC_PREFIX_HEADER = "Game2048/Game2048-Prefix.pch";
				INFOPLIST_FILE = "Game2048/Game2048-Info.plist";
				PRODUCT_NAME = "$(TARGET_NAME)";
				WRAPPER_EXTENSION = app;
			};
			name = Debug;
		};
		BC9F70B119AAFFA4004A0E35 /* Release */ = {
			isa = XCBuildConfiguration;
			buildSettings = {
				ASSETCATALOG_COMPILER_APPICON_NAME = AppIcon;
				ASSETCATALOG_COMPILER_LAUNCHIMAGE_NAME = LaunchImage;
				GCC_PRECOMPILE_PREFIX_HEADER = YES;
				GCC_PREFIX_HEADER = "Game2048/Game2048-Prefix.pch";
				INFOPLIST_FILE = "Game2048/Game2048-Info.plist";
				PRODUCT_NAME = "$(TARGET_NAME)";
				WRAPPER_EXTENSION = app;
			};
			name = Release;
		};
		BC9F70B319AAFFA4004A0E35 /* Debug */ = {
			isa = XCBuildConfiguration;
			buildSettings = {
				BUNDLE_LOADER = "$(BUILT_PRODUCTS_DIR)/Game2048.app/Game2048";
				FRAMEWORK_SEARCH_PATHS = (
					"$(SDKROOT)/Developer/Library/Frameworks",
					"$(inherited)",
					"$(DEVELOPER_FRAMEWORKS_DIR)",
				);
				GCC_PRECOMPILE_PREFIX_HEADER = YES;
				GCC_PREFIX_HEADER = "Game2048/Game2048-Prefix.pch";
				GCC_PREPROCESSOR_DEFINITIONS = (
					"DEBUG=1",
					"$(inherited)",
				);
				INFOPLIST_FILE = "Game2048Tests/Game2048Tests-Info.plist";
				PRODUCT_NAME = "$(TARGET_NAME)";
				TEST_HOST = "$(BUNDLE_LOADER)";
				WRAPPER_EXTENSION = xctest;
			};
			name = Debug;
		};
		BC9F70B419AAFFA4004A0E35 /* Release */ = {
			isa = XCBuildConfiguration;
			buildSettings = {
				BUNDLE_LOADER = "$(BUILT_PRODUCTS_DIR)/Game2048.app/Game2048";
				FRAMEWORK_SEARCH_PATHS = (
					"$(SDKROOT)/Developer/Library/Frameworks",
					"$(inherited)",
					"$(DEVELOPER_FRAMEWORKS_DIR)",
				);
				GCC_PRECOMPILE_PREFIX_HEADER = YES;
				GCC_PREFIX_HEADER = "Game2048/Game2048-Prefix.pch";
				INFOPLIST_FILE = "Game2048Tests/Game2048Tests-Info.plist";
				PRODUCT_NAME = "$(TARGET_NAME)";
				TEST_HOST = "$(BUNDLE_LOADER)";
				WRAPPER_EXTENSION = xctest;
			};
			name = Release;
		};
/* End XCBuildConfiguration section */

/* Begin XCConfigurationList section */
		BC9F707E19AAFFA4004A0E35 /* Build configuration list for PBXProject "Game2048" */ = {
			isa = XCConfigurationList;
			buildConfigurations = (
				BC9F70AD19AAFFA4004A0E35 /* Debug */,
				BC9F70AE19AAFFA4004A0E35 /* Release */,
			);
			defaultConfigurationIsVisible = 0;
			defaultConfigurationName = Release;
		};
		BC9F70AF19AAFFA4004A0E35 /* Build configuration list for PBXNativeTarget "Game2048" */ = {
			isa = XCConfigurationList;
			buildConfigurations = (
				BC9F70B019AAFFA4004A0E35 /* Debug */,
				BC9F70B119AAFFA4004A0E35 /* Release */,
			);
			defaultConfigurationIsVisible = 0;
		};
		BC9F70B219AAFFA4004A0E35 /* Build configuration list for PBXNativeTarget "Game2048Tests" */ = {
			isa = XCConfigurationList;
			buildConfigurations = (
				BC9F70B319AAFFA4004A0E35 /* Debug */,
				BC9F70B419AAFFA4004A0E35 /* Release */,
			);
			defaultConfigurationIsVisible = 0;
		};
/* End XCConfigurationList section */
	};
	rootObject = BC9F707B19AAFFA4004A0E35 /* Project object */;
}
